
Microsoft Visual Studio Solution File, Format Version 12.00
# Visual Studio Version 16
VisualStudioVersion = 16.0.30523.141
MinimumVisualStudioVersion = 10.0.40219.1
Project("{FAE04EC0-301F-11D3-BF4B-00C04F79EFBC}") = "Pool1-Porb13", "Pool1-Porb13.csproj", "{4EDBBA63-8C1F-478F-87C4-613367E6453E}"
EndProject
Global
	GlobalSection(SolutionConfigurationPlatforms) = preSolution
		Debug|Any CPU = Debug|Any CPU
		Release|Any CPU = Release|Any CPU
	EndGlobalSection
	GlobalSection(ProjectConfigurationPlatforms) = postSolution
		{4EDBBA63-8C1F-478F-87C4-613367E6453E}.Debug|Any CPU.ActiveCfg = Debug|Any CPU
		{4EDBBA63-8C1F-478F-87C4-613367E6453E}.Debug|Any CPU.Build.0 = Debug|Any CPU
		{4EDBBA63-8C1F-478F-87C4-613367E6453E}.Release|Any CPU.ActiveCfg = Release|Any CPU
		{4EDBBA63-8C1F-478F-87C4-613367E6453E}.Release|Any CPU.Build.0 = Release|Any CPU
	EndGlobalSection
	GlobalSection(SolutionProperties) = preSolution
		HideSolutionNode = FALSE
	EndGlobalSection
	GlobalSection(ExtensibilityGlobals) = postSolution
		SolutionGuid = {08A6EB78-14B7-4A41-A2B9-484F15C330C9}
	EndGlobalSection
EndGlobal
