
Microsoft Visual Studio Solution File, Format Version 12.00
# Visual Studio Version 16
VisualStudioVersion = 16.0.30523.141
MinimumVisualStudioVersion = 10.0.40219.1
Project("{FAE04EC0-301F-11D3-BF4B-00C04F79EFBC}") = "Pool1-Prob10", "Pool1-Prob10.csproj", "{169F946C-0270-4FE6-9A6E-74988CEE9207}"
EndProject
Global
	GlobalSection(SolutionConfigurationPlatforms) = preSolution
		Debug|Any CPU = Debug|Any CPU
		Release|Any CPU = Release|Any CPU
	EndGlobalSection
	GlobalSection(ProjectConfigurationPlatforms) = postSolution
		{169F946C-0270-4FE6-9A6E-74988CEE9207}.Debug|Any CPU.ActiveCfg = Debug|Any CPU
		{169F946C-0270-4FE6-9A6E-74988CEE9207}.Debug|Any CPU.Build.0 = Debug|Any CPU
		{169F946C-0270-4FE6-9A6E-74988CEE9207}.Release|Any CPU.ActiveCfg = Release|Any CPU
		{169F946C-0270-4FE6-9A6E-74988CEE9207}.Release|Any CPU.Build.0 = Release|Any CPU
	EndGlobalSection
	GlobalSection(SolutionProperties) = preSolution
		HideSolutionNode = FALSE
	EndGlobalSection
	GlobalSection(ExtensibilityGlobals) = postSolution
		SolutionGuid = {5D1F1B70-A2E6-4FA9-9CF3-2295BCAA5699}
	EndGlobalSection
EndGlobal
