
Microsoft Visual Studio Solution File, Format Version 12.00
# Visual Studio Version 16
VisualStudioVersion = 16.0.30523.141
MinimumVisualStudioVersion = 10.0.40219.1
Project("{FAE04EC0-301F-11D3-BF4B-00C04F79EFBC}") = "Pool1-Prob8", "Pool1-Prob8.csproj", "{A1490181-D6E0-452C-BD60-FA1CFD867943}"
EndProject
Global
	GlobalSection(SolutionConfigurationPlatforms) = preSolution
		Debug|Any CPU = Debug|Any CPU
		Release|Any CPU = Release|Any CPU
	EndGlobalSection
	GlobalSection(ProjectConfigurationPlatforms) = postSolution
		{A1490181-D6E0-452C-BD60-FA1CFD867943}.Debug|Any CPU.ActiveCfg = Debug|Any CPU
		{A1490181-D6E0-452C-BD60-FA1CFD867943}.Debug|Any CPU.Build.0 = Debug|Any CPU
		{A1490181-D6E0-452C-BD60-FA1CFD867943}.Release|Any CPU.ActiveCfg = Release|Any CPU
		{A1490181-D6E0-452C-BD60-FA1CFD867943}.Release|Any CPU.Build.0 = Release|Any CPU
	EndGlobalSection
	GlobalSection(SolutionProperties) = preSolution
		HideSolutionNode = FALSE
	EndGlobalSection
	GlobalSection(ExtensibilityGlobals) = postSolution
		SolutionGuid = {339E75C5-1014-4D63-84D4-95E198D953B4}
	EndGlobalSection
EndGlobal
